Microsoft Visual Studio Solution File, Format Version 12.00
# Visual Studio Version 17
VisualStudioVersion = 17.5.2.0
MinimumVisualStudioVersion = 10.0.40219.1
Project("{FAE04EC0-301F-11D3-BF4B-00C04F79EFBC}") = "Yahtzee_Simulation", "Yahtzee_Simulation.csproj", "{02D490AF-C04D-5D1C-F26D-88D43C1D3195}"
EndProject
Global
	GlobalSection(SolutionConfigurationPlatforms) = preSolution
		Debug|Any CPU = Debug|Any CPU
		Release|Any CPU = Release|Any CPU
	EndGlobalSection
	GlobalSection(ProjectConfigurationPlatforms) = postSolution
		{02D490AF-C04D-5D1C-F26D-88D43C1D3195}.Debug|Any CPU.ActiveCfg = Debug|Any CPU
		{02D490AF-C04D-5D1C-F26D-88D43C1D3195}.Debug|Any CPU.Build.0 = Debug|Any CPU
		{02D490AF-C04D-5D1C-F26D-88D43C1D3195}.Release|Any CPU.ActiveCfg = Release|Any CPU
		{02D490AF-C04D-5D1C-F26D-88D43C1D3195}.Release|Any CPU.Build.0 = Release|Any CPU
	EndGlobalSection
	GlobalSection(SolutionProperties) = preSolution
		HideSolutionNode = FALSE
	EndGlobalSection
	GlobalSection(ExtensibilityGlobals) = postSolution
		SolutionGuid = {243FCDE7-0DA9-4D20-8C96-DCB8C895B1DC}
	EndGlobalSection
EndGlobal
